// !$*UTF8*$!
{
	archiveVersion = 1;
	classes = {
	};
	objectVersion = 77;
	objects = {

/* Begin PBXBuildFile section */
		BA2FBB682F0BE977003F8785 /* Sparkle in Frameworks */ = {isa = PBXBuildFile; productRef = BA2FBB672F0BE977003F8785 /* Sparkle */; };
		BA54CBBF2F03506200E56C58 /* WillpowerKit in Frameworks */ = {isa = PBXBuildFile; productRef = BA54CBBE2F03506200E56C58 /* WillpowerKit */; };
		BA54CBC12F03507000E56C58 /* WillpowerKit in Frameworks */ = {isa = PBXBuildFile; productRef = BA54CBC02F03507000E56C58 /* WillpowerKit */; };
		BA54CBFA2F03AB8600E56C58 /* WillpowerDaemon in Copy Daemon Binary */ = {isa = PBXBuildFile; fileRef = BA68A52F2F03466D00112297 /* WillpowerDaemon */; settings = {ATTRIBUTES = (CodeSignOnCopy, ); }; };
		BA54CBFF2F03ABEF00E56C58 /* ServiceManagement.framework in Frameworks */ = {isa = PBXBuildFile; fileRef = BA54CBFE2F03ABEF00E56C58 /* ServiceManagement.framework */; };
/* End PBXBuildFile section */

/* Begin PBXContainerItemProxy section */
		BA54CBF72F03AB5000E56C58 /* PBXContainerItemProxy */ = {
			isa = PBXContainerItemProxy;
			containerPortal = BA68A5132F03461E00112297 /* Project object */;
			proxyType = 1;
			remoteGlobalIDString = BA68A52E2F03466D00112297;
			remoteInfo = WillpowerDaemon;
		};
/* End PBXContainerItemProxy section */

/* Begin PBXCopyFilesBuildPhase section */
		BA54CBF92F03AB5D00E56C58 /* Copy Daemon Binary */ = {
			isa = PBXCopyFilesBuildPhase;
			buildActionMask = 2147483647;
			dstPath = "";
			dstSubfolderSpec = 6;
			files = (
				BA54CBFA2F03AB8600E56C58 /* WillpowerDaemon in Copy Daemon Binary */,
			);
			name = "Copy Daemon Binary";
			runOnlyForDeploymentPostprocessing = 0;
		};
		BA54CBFB2F03ABA700E56C58 /* Copy Daemon Plist */ = {
			isa = PBXCopyFilesBuildPhase;
			buildActionMask = 2147483647;
			dstPath = Contents/Library/LaunchDaemons;
			dstSubfolderSpec = 1;
			files = (
			);
			name = "Copy Daemon Plist";
			runOnlyForDeploymentPostprocessing = 0;
		};
		BA68A52D2F03466D00112297 /* CopyFiles */ = {
			isa = PBXCopyFilesBuildPhase;
			buildActionMask = 2147483647;
			dstPath = /usr/share/man/man1/;
			dstSubfolderSpec = 0;
			files = (
			);
			runOnlyForDeploymentPostprocessing = 1;
		};
/* End PBXCopyFilesBuildPhase section */

/* Begin PBXFileReference section */
		BA54CBBD2F03503700E56C58 /* WillpowerKit */ = {isa = PBXFileReference; lastKnownFileType = wrapper; path = WillpowerKit; sourceTree = "<group>"; };
		BA54CBFE2F03ABEF00E56C58 /* ServiceManagement.framework */ = {isa = PBXFileReference; lastKnownFileType = wrapper.framework; name = ServiceManagement.framework; path = System/Library/Frameworks/ServiceManagement.framework; sourceTree = SDKROOT; };
		BA68A51B2F03461E00112297 /* Willpower.app */ = {isa = PBXFileReference; explicitFileType = wrapper.application; includeInIndex = 0; path = Willpower.app; sourceTree = BUILT_PRODUCTS_DIR; };
		BA68A52F2F03466D00112297 /* WillpowerDaemon */ = {isa = PBXFileReference; explicitFileType = "compiled.mach-o.executable"; includeInIndex = 0; path = WillpowerDaemon; sourceTree = BUILT_PRODUCTS_DIR; };
/* End PBXFileReference section */

/* Begin PBXFileSystemSynchronizedBuildFileExceptionSet section */
		BA31D9B12F132A4800E699C4 /* Exceptions for "Willpower" folder in "Willpower" target */ = {
			isa = PBXFileSystemSynchronizedBuildFileExceptionSet;
			membershipExceptions = (
				Info.plist,
			);
			target = BA68A51A2F03461E00112297 /* Willpower */;
		};
/* End PBXFileSystemSynchronizedBuildFileExceptionSet section */

/* Begin PBXFileSystemSynchronizedGroupBuildPhaseMembershipExceptionSet section */
		BA54CBFD2F03ABD300E56C58 /* Exceptions for "WillpowerDaemon" folder in "Copy Daemon Plist" phase from "Willpower" target */ = {
			isa = PBXFileSystemSynchronizedGroupBuildPhaseMembershipExceptionSet;
			buildPhase = BA54CBFB2F03ABA700E56C58 /* Copy Daemon Plist */;
			membershipExceptions = (
				raviriley.WillpowerDaemon.plist,
			);
		};
/* End PBXFileSystemSynchronizedGroupBuildPhaseMembershipExceptionSet section */

/* Begin PBXFileSystemSynchronizedRootGroup section */
		BA68A51D2F03461E00112297 /* Willpower */ = {
			isa = PBXFileSystemSynchronizedRootGroup;
			exceptions = (
				BA31D9B12F132A4800E699C4 /* Exceptions for "Willpower" folder in "Willpower" target */,
			);
			path = Willpower;
			sourceTree = "<group>";
		};
		BA68A5302F03466E00112297 /* WillpowerDaemon */ = {
			isa = PBXFileSystemSynchronizedRootGroup;
			exceptions = (
				BA54CBFD2F03ABD300E56C58 /* Exceptions for "WillpowerDaemon" folder in "Copy Daemon Plist" phase from "Willpower" target */,
			);
			path = WillpowerDaemon;
			sourceTree = "<group>";
		};
/* End PBXFileSystemSynchronizedRootGroup section */

/* Begin PBXFrameworksBuildPhase section */
		BA68A5182F03461E00112297 /* Frameworks */ = {
			isa = PBXFrameworksBuildPhase;
			buildActionMask = 2147483647;
			files = (
				BA2FBB682F0BE977003F8785 /* Sparkle in Frameworks */,
				BA54CBBF2F03506200E56C58 /* WillpowerKit in Frameworks */,
				BA54CBFF2F03ABEF00E56C58 /* ServiceManagement.framework in Frameworks */,
			);
			runOnlyForDeploymentPostprocessing = 0;
		};
		BA68A52C2F03466D00112297 /* Frameworks */ = {
			isa = PBXFrameworksBuildPhase;
			buildActionMask = 2147483647;
			files = (
				BA54CBC12F03507000E56C58 /* WillpowerKit in Frameworks */,
			);
			runOnlyForDeploymentPostprocessing = 0;
		};
/* End PBXFrameworksBuildPhase section */

/* Begin PBXGroup section */
		BA68A5122F03461E00112297 = {
			isa = PBXGroup;
			children = (
				BA54CBBD2F03503700E56C58 /* WillpowerKit */,
				BA68A51D2F03461E00112297 /* Willpower */,
				BA68A5302F03466E00112297 /* WillpowerDaemon */,
				BA68A5372F03473200112297 /* Frameworks */,
				BA68A51C2F03461E00112297 /* Products */,
			);
			sourceTree = "<group>";
		};
		BA68A51C2F03461E00112297 /* Products */ = {
			isa = PBXGroup;
			children = (
				BA68A51B2F03461E00112297 /* Willpower.app */,
				BA68A52F2F03466D00112297 /* WillpowerDaemon */,
			);
			name = Products;
			sourceTree = "<group>";
		};
		BA68A5372F03473200112297 /* Frameworks */ = {
			isa = PBXGroup;
			children = (
				BA54CBFE2F03ABEF00E56C58 /* ServiceManagement.framework */,
			);
			name = Frameworks;
			sourceTree = "<group>";
		};
/* End PBXGroup section */

/* Begin PBXNativeTarget section */
		BA68A51A2F03461E00112297 /* Willpower */ = {
			isa = PBXNativeTarget;
			buildConfigurationList = BA68A5282F03462000112297 /* Build configuration list for PBXNativeTarget "Willpower" */;
			buildPhases = (
				BA68A5172F03461E00112297 /* Sources */,
				BA68A5182F03461E00112297 /* Frameworks */,
				BA68A5192F03461E00112297 /* Resources */,
				BA54CBF92F03AB5D00E56C58 /* Copy Daemon Binary */,
				BA54CBFB2F03ABA700E56C58 /* Copy Daemon Plist */,
			);
			buildRules = (
			);
			dependencies = (
				BA54CBF82F03AB5000E56C58 /* PBXTargetDependency */,
			);
			fileSystemSynchronizedGroups = (
				BA68A51D2F03461E00112297 /* Willpower */,
			);
			name = Willpower;
			packageProductDependencies = (
				BA54CBBE2F03506200E56C58 /* WillpowerKit */,
				BA2FBB672F0BE977003F8785 /* Sparkle */,
			);
			productName = Willpower;
			productReference = BA68A51B2F03461E00112297 /* Willpower.app */;
			productType = "com.apple.product-type.application";
		};
		BA68A52E2F03466D00112297 /* WillpowerDaemon */ = {
			isa = PBXNativeTarget;
			buildConfigurationList = BA68A5332F03466E00112297 /* Build configuration list for PBXNativeTarget "WillpowerDaemon" */;
			buildPhases = (
				BA68A52B2F03466D00112297 /* Sources */,
				BA68A52C2F03466D00112297 /* Frameworks */,
				BA68A52D2F03466D00112297 /* CopyFiles */,
			);
			buildRules = (
			);
			dependencies = (
			);
			fileSystemSynchronizedGroups = (
				BA68A5302F03466E00112297 /* WillpowerDaemon */,
			);
			name = WillpowerDaemon;
			packageProductDependencies = (
				BA54CBC02F03507000E56C58 /* WillpowerKit */,
			);
			productName = WillpowerDaemon;
			productReference = BA68A52F2F03466D00112297 /* WillpowerDaemon */;
			productType = "com.apple.product-type.tool";
		};
/* End PBXNativeTarget section */

/* Begin PBXProject section */
		BA68A5132F03461E00112297 /* Project object */ = {
			isa = PBXProject;
			attributes = {
				BuildIndependentTargetsInParallel = 1;
				LastSwiftUpdateCheck = 2620;
				LastUpgradeCheck = 2620;
				TargetAttributes = {
					BA68A51A2F03461E00112297 = {
						CreatedOnToolsVersion = 26.2;
					};
					BA68A52E2F03466D00112297 = {
						CreatedOnToolsVersion = 26.2;
					};
				};
			};
			buildConfigurationList = BA68A5162F03461E00112297 /* Build configuration list for PBXProject "Willpower" */;
			developmentRegion = en;
			hasScannedForEncodings = 0;
			knownRegions = (
				en,
				Base,
			);
			mainGroup = BA68A5122F03461E00112297;
			minimizedProjectReferenceProxies = 1;
			packageReferences = (
				BA2FBB662F0BE977003F8785 /* XCRemoteSwiftPackageReference "Sparkle" */,
			);
			preferredProjectObjectVersion = 77;
			productRefGroup = BA68A51C2F03461E00112297 /* Products */;
			projectDirPath = "";
			projectRoot = "";
			targets = (
				BA68A51A2F03461E00112297 /* Willpower */,
				BA68A52E2F03466D00112297 /* WillpowerDaemon */,
			);
		};
/* End PBXProject section */

/* Begin PBXResourcesBuildPhase section */
		BA68A5192F03461E00112297 /* Resources */ = {
			isa = PBXResourcesBuildPhase;
			buildActionMask = 2147483647;
			files = (
			);
			runOnlyForDeploymentPostprocessing = 0;
		};
/* End PBXResourcesBuildPhase section */

/* Begin PBXSourcesBuildPhase section */
		BA68A5172F03461E00112297 /* Sources */ = {
			isa = PBXSourcesBuildPhase;
			buildActionMask = 2147483647;
			files = (
			);
			runOnlyForDeploymentPostprocessing = 0;
		};
		BA68A52B2F03466D00112297 /* Sources */ = {
			isa = PBXSourcesBuildPhase;
			buildActionMask = 2147483647;
			files = (
			);
			runOnlyForDeploymentPostprocessing = 0;
		};
/* End PBXSourcesBuildPhase section */

/* Begin PBXTargetDependency section */
		BA54CBF82F03AB5000E56C58 /* PBXTargetDependency */ = {
			isa = PBXTargetDependency;
			target = BA68A52E2F03466D00112297 /* WillpowerDaemon */;
			targetProxy = BA54CBF72F03AB5000E56C58 /* PBXContainerItemProxy */;
		};
/* End PBXTargetDependency section */

/* Begin XCBuildConfiguration section */
		BA68A5262F03462000112297 /* Debug */ = {
			isa = XCBuildConfiguration;
			buildSettings = {
				ALWAYS_SEARCH_USER_PATHS = NO;
				ASSETCATALOG_COMPILER_GENERATE_SWIFT_ASSET_SYMBOL_EXTENSIONS = YES;
				CLANG_ANALYZER_NONNULL = YES;
				CLANG_ANALYZER_NUMBER_OBJECT_CONVERSION = YES_AGGRESSIVE;
				CLANG_CXX_LANGUAGE_STANDARD = "gnu++20";
				CLANG_ENABLE_MODULES = YES;
				CLANG_ENABLE_OBJC_ARC = YES;
				CLANG_ENABLE_OBJC_WEAK = YES;
				CLANG_WARN_BLOCK_CAPTURE_AUTORELEASING = YES;
				CLANG_WARN_BOOL_CONVERSION = YES;
				CLANG_WARN_COMMA = YES;
				CLANG_WARN_CONSTANT_CONVERSION = YES;
				CLANG_WARN_DEPRECATED_OBJC_IMPLEMENTATIONS = YES;
				CLANG_WARN_DIRECT_OBJC_ISA_USAGE = YES_ERROR;
				CLANG_WARN_DOCUMENTATION_COMMENTS = YES;
				CLANG_WARN_EMPTY_BODY = YES;
				CLANG_WARN_ENUM_CONVERSION = YES;
				CLANG_WARN_INFINITE_RECURSION = YES;
				CLANG_WARN_INT_CONVERSION = YES;
				CLANG_WARN_NON_LITERAL_NULL_CONVERSION = YES;
				CLANG_WARN_OBJC_IMPLICIT_RETAIN_SELF = YES;
				CLANG_WARN_OBJC_LITERAL_CONVERSION = YES;
				CLANG_WARN_OBJC_ROOT_CLASS = YES_ERROR;
				CLANG_WARN_QUOTED_INCLUDE_IN_FRAMEWORK_HEADER = YES;
				CLANG_WARN_RANGE_LOOP_ANALYSIS = YES;
				CLANG_WARN_STRICT_PROTOTYPES = YES;
				CLANG_WARN_SUSPICIOUS_MOVE = YES;
				CLANG_WARN_UNGUARDED_AVAILABILITY = YES_AGGRESSIVE;
				CLANG_WARN_UNREACHABLE_CODE = YES;
				CLANG_WARN__DUPLICATE_METHOD_MATCH = YES;
				COPY_PHASE_STRIP = NO;
				DEBUG_INFORMATION_FORMAT = dwarf;
				DEVELOPMENT_TEAM = P5AM8FWTFW;
				ENABLE_STRICT_OBJC_MSGSEND = YES;
				ENABLE_TESTABILITY = YES;
				ENABLE_USER_SCRIPT_SANDBOXING = YES;
				GCC_C_LANGUAGE_STANDARD = gnu17;
				GCC_DYNAMIC_NO_PIC = NO;
				GCC_NO_COMMON_BLOCKS = YES;
				GCC_OPTIMIZATION_LEVEL = 0;
				GCC_PREPROCESSOR_DEFINITIONS = (
					"DEBUG=1",
					"$(inherited)",
				);
				GCC_WARN_64_TO_32_BIT_CONVERSION = YES;
				GCC_WARN_ABOUT_RETURN_TYPE = YES_ERROR;
				GCC_WARN_UNDECLARED_SELECTOR = YES;
				GCC_WARN_UNINITIALIZED_AUTOS = YES_AGGRESSIVE;
				GCC_WARN_UNUSED_FUNCTION = YES;
				GCC_WARN_UNUSED_VARIABLE = YES;
				LOCALIZATION_PREFERS_STRING_CATALOGS = YES;
				MACOSX_DEPLOYMENT_TARGET = 14.0;
				MTL_ENABLE_DEBUG_INFO = INCLUDE_SOURCE;
				MTL_FAST_MATH = YES;
				ONLY_ACTIVE_ARCH = YES;
				SDKROOT = macosx;
				SWIFT_ACTIVE_COMPILATION_CONDITIONS = "DEBUG $(inherited)";
				SWIFT_OPTIMIZATION_LEVEL = "-Onone";
			};
			name = Debug;
		};
		BA68A5272F03462000112297 /* Release */ = {
			isa = XCBuildConfiguration;
			buildSettings = {
				ALWAYS_SEARCH_USER_PATHS = NO;
				ASSETCATALOG_COMPILER_GENERATE_SWIFT_ASSET_SYMBOL_EXTENSIONS = YES;
				CLANG_ANALYZER_NONNULL = YES;
				CLANG_ANALYZER_NUMBER_OBJECT_CONVERSION = YES_AGGRESSIVE;
				CLANG_CXX_LANGUAGE_STANDARD = "gnu++20";
				CLANG_ENABLE_MODULES = YES;
				CLANG_ENABLE_OBJC_ARC = YES;
				CLANG_ENABLE_OBJC_WEAK = YES;
				CLANG_WARN_BLOCK_CAPTURE_AUTORELEASING = YES;
				CLANG_WARN_BOOL_CONVERSION = YES;
				CLANG_WARN_COMMA = YES;
				CLANG_WARN_CONSTANT_CONVERSION = YES;
				CLANG_WARN_DEPRECATED_OBJC_IMPLEMENTATIONS = YES;
				CLANG_WARN_DIRECT_OBJC_ISA_USAGE = YES_ERROR;
				CLANG_WARN_DOCUMENTATION_COMMENTS = YES;
				CLANG_WARN_EMPTY_BODY = YES;
				CLANG_WARN_ENUM_CONVERSION = YES;
				CLANG_WARN_INFINITE_RECURSION = YES;
				CLANG_WARN_INT_CONVERSION = YES;
				CLANG_WARN_NON_LITERAL_NULL_CONVERSION = YES;
				CLANG_WARN_OBJC_IMPLICIT_RETAIN_SELF = YES;
				CLANG_WARN_OBJC_LITERAL_CONVERSION = YES;
				CLANG_WARN_OBJC_ROOT_CLASS = YES_ERROR;
				CLANG_WARN_QUOTED_INCLUDE_IN_FRAMEWORK_HEADER = YES;
				CLANG_WARN_RANGE_LOOP_ANALYSIS = YES;
				CLANG_WARN_STRICT_PROTOTYPES = YES;
				CLANG_WARN_SUSPICIOUS_MOVE = YES;
				CLANG_WARN_UNGUARDED_AVAILABILITY = YES_AGGRESSIVE;
				CLANG_WARN_UNREACHABLE_CODE = YES;
				CLANG_WARN__DUPLICATE_METHOD_MATCH = YES;
				COPY_PHASE_STRIP = NO;
				DEBUG_INFORMATION_FORMAT = "dwarf-with-dsym";
				DEVELOPMENT_TEAM = P5AM8FWTFW;
				ENABLE_NS_ASSERTIONS = NO;
				ENABLE_STRICT_OBJC_MSGSEND = YES;
				ENABLE_USER_SCRIPT_SANDBOXING = YES;
				GCC_C_LANGUAGE_STANDARD = gnu17;
				GCC_NO_COMMON_BLOCKS = YES;
				GCC_WARN_64_TO_32_BIT_CONVERSION = YES;
				GCC_WARN_ABOUT_RETURN_TYPE = YES_ERROR;
				GCC_WARN_UNDECLARED_SELECTOR = YES;
				GCC_WARN_UNINITIALIZED_AUTOS = YES_AGGRESSIVE;
				GCC_WARN_UNUSED_FUNCTION = YES;
				GCC_WARN_UNUSED_VARIABLE = YES;
				LOCALIZATION_PREFERS_STRING_CATALOGS = YES;
				MACOSX_DEPLOYMENT_TARGET = 14.0;
				MTL_ENABLE_DEBUG_INFO = NO;
				MTL_FAST_MATH = YES;
				SDKROOT = macosx;
				SWIFT_COMPILATION_MODE = wholemodule;
			};
			name = Release;
		};
		BA68A5292F03462000112297 /* Debug */ = {
			isa = XCBuildConfiguration;
			buildSettings = {
				ASSETCATALOG_COMPILER_APPICON_NAME = AppIcon;
				ASSETCATALOG_COMPILER_GLOBAL_ACCENT_COLOR_NAME = AccentColor;
				CODE_SIGN_ENTITLEMENTS = Willpower/Willpower.entitlements;
				CODE_SIGN_IDENTITY = "Developer ID Application";
				CODE_SIGN_STYLE = Manual;
				COMBINE_HIDPI_IMAGES = YES;
				CURRENT_PROJECT_VERSION = 9;
				DEVELOPMENT_TEAM = NJ2SQLUU4U;
				ENABLE_APP_SANDBOX = NO;
				ENABLE_HARDENED_RUNTIME = YES;
				ENABLE_PREVIEWS = YES;
				GENERATE_INFOPLIST_FILE = NO;
				INFOPLIST_FILE = Willpower/Info.plist;
				INFOPLIST_KEY_LSApplicationCategoryType = "public.app-category.productivity";
				INFOPLIST_KEY_NSAppleEventsUsageDescription = "Willpower needs to monitor your browser tabs to track visits to specific websites. This enables visit-count triggers that automatically block distracting sites after too many visits.";
				INFOPLIST_KEY_NSHumanReadableCopyright = "";
				LD_RUNPATH_SEARCH_PATHS = (
					"$(inherited)",
					"@executable_path/../Frameworks",
				);
				MARKETING_VERSION = 1.0.7;
				PRODUCT_BUNDLE_IDENTIFIER = raviriley.Willpower;
				PRODUCT_NAME = "$(TARGET_NAME)";
				PROVISIONING_PROFILE_SPECIFIER = "";
				REGISTER_APP_GROUPS = NO;
				STRING_CATALOG_GENERATE_SYMBOLS = YES;
				SWIFT_APPROACHABLE_CONCURRENCY = YES;
				SWIFT_DEFAULT_ACTOR_ISOLATION = MainActor;
				SWIFT_EMIT_LOC_STRINGS = YES;
				SWIFT_UPCOMING_FEATURE_MEMBER_IMPORT_VISIBILITY = YES;
				SWIFT_VERSION = 5.0;
			};
			name = Debug;
		};
		BA68A52A2F03462000112297 /* Release */ = {
			isa = XCBuildConfiguration;
			buildSettings = {
				ASSETCATALOG_COMPILER_APPICON_NAME = AppIcon;
				ASSETCATALOG_COMPILER_GLOBAL_ACCENT_COLOR_NAME = AccentColor;
				CODE_SIGN_ENTITLEMENTS = Willpower/Willpower.entitlements;
				CODE_SIGN_IDENTITY = "Developer ID Application";
				CODE_SIGN_STYLE = Manual;
				COMBINE_HIDPI_IMAGES = YES;
				CURRENT_PROJECT_VERSION = 9;
				DEVELOPMENT_TEAM = NJ2SQLUU4U;
				ENABLE_APP_SANDBOX = NO;
				ENABLE_HARDENED_RUNTIME = YES;
				ENABLE_PREVIEWS = YES;
				GENERATE_INFOPLIST_FILE = NO;
				INFOPLIST_FILE = Willpower/Info.plist;
				INFOPLIST_KEY_LSApplicationCategoryType = "public.app-category.productivity";
				INFOPLIST_KEY_NSAppleEventsUsageDescription = "Willpower needs to monitor your browser tabs to track visits to specific websites. This enables visit-count triggers that automatically block distracting sites after too many visits.";
				INFOPLIST_KEY_NSHumanReadableCopyright = "";
				LD_RUNPATH_SEARCH_PATHS = (
					"$(inherited)",
					"@executable_path/../Frameworks",
				);
				MARKETING_VERSION = 1.0.7;
				PRODUCT_BUNDLE_IDENTIFIER = raviriley.Willpower;
				PRODUCT_NAME = "$(TARGET_NAME)";
				PROVISIONING_PROFILE_SPECIFIER = "";
				REGISTER_APP_GROUPS = NO;
				STRING_CATALOG_GENERATE_SYMBOLS = YES;
				SWIFT_APPROACHABLE_CONCURRENCY = YES;
				SWIFT_DEFAULT_ACTOR_ISOLATION = MainActor;
				SWIFT_EMIT_LOC_STRINGS = YES;
				SWIFT_UPCOMING_FEATURE_MEMBER_IMPORT_VISIBILITY = YES;
				SWIFT_VERSION = 5.0;
			};
			name = Release;
		};
		BA68A5342F03466E00112297 /* Debug */ = {
			isa = XCBuildConfiguration;
			buildSettings = {
				AUTOMATION_APPLE_EVENTS = NO;
				CODE_SIGN_ENTITLEMENTS = WillpowerDaemon/WillpowerDaemon.entitlements;
				CODE_SIGN_STYLE = Automatic;
				CREATE_INFOPLIST_SECTION_IN_BINARY = YES;
				DEVELOPMENT_TEAM = P5AM8FWTFW;
				ENABLE_HARDENED_RUNTIME = YES;
				ENABLE_RESOURCE_ACCESS_AUDIO_INPUT = NO;
				ENABLE_RESOURCE_ACCESS_CALENDARS = NO;
				ENABLE_RESOURCE_ACCESS_CAMERA = NO;
				ENABLE_RESOURCE_ACCESS_CONTACTS = NO;
				ENABLE_RESOURCE_ACCESS_LOCATION = NO;
				ENABLE_RESOURCE_ACCESS_PHOTO_LIBRARY = NO;
				INFOPLIST_FILE = WillpowerDaemon/Info.plist;
				PRODUCT_BUNDLE_IDENTIFIER = raviriley.WillpowerDaemon;
				PRODUCT_NAME = "$(TARGET_NAME)";
				RUNTIME_EXCEPTION_ALLOW_DYLD_ENVIRONMENT_VARIABLES = NO;
				RUNTIME_EXCEPTION_ALLOW_JIT = NO;
				RUNTIME_EXCEPTION_ALLOW_UNSIGNED_EXECUTABLE_MEMORY = YES;
				RUNTIME_EXCEPTION_DEBUGGING_TOOL = NO;
				RUNTIME_EXCEPTION_DISABLE_EXECUTABLE_PAGE_PROTECTION = NO;
				RUNTIME_EXCEPTION_DISABLE_LIBRARY_VALIDATION = NO;
				SKIP_INSTALL = YES;
				SWIFT_APPROACHABLE_CONCURRENCY = YES;
				SWIFT_UPCOMING_FEATURE_MEMBER_IMPORT_VISIBILITY = YES;
				SWIFT_VERSION = 5.0;
			};
			name = Debug;
		};
		BA68A5352F03466E00112297 /* Release */ = {
			isa = XCBuildConfiguration;
			buildSettings = {
				AUTOMATION_APPLE_EVENTS = NO;
				CODE_SIGN_ENTITLEMENTS = WillpowerDaemon/WillpowerDaemon.entitlements;
				CODE_SIGN_STYLE = Automatic;
				CREATE_INFOPLIST_SECTION_IN_BINARY = YES;
				DEVELOPMENT_TEAM = P5AM8FWTFW;
				ENABLE_HARDENED_RUNTIME = YES;
				ENABLE_RESOURCE_ACCESS_AUDIO_INPUT = NO;
				ENABLE_RESOURCE_ACCESS_CALENDARS = NO;
				ENABLE_RESOURCE_ACCESS_CAMERA = NO;
				ENABLE_RESOURCE_ACCESS_CONTACTS = NO;
				ENABLE_RESOURCE_ACCESS_LOCATION = NO;
				ENABLE_RESOURCE_ACCESS_PHOTO_LIBRARY = NO;
				INFOPLIST_FILE = WillpowerDaemon/Info.plist;
				PRODUCT_BUNDLE_IDENTIFIER = raviriley.WillpowerDaemon;
				PRODUCT_NAME = "$(TARGET_NAME)";
				RUNTIME_EXCEPTION_ALLOW_DYLD_ENVIRONMENT_VARIABLES = NO;
				RUNTIME_EXCEPTION_ALLOW_JIT = NO;
				RUNTIME_EXCEPTION_ALLOW_UNSIGNED_EXECUTABLE_MEMORY = YES;
				RUNTIME_EXCEPTION_DEBUGGING_TOOL = NO;
				RUNTIME_EXCEPTION_DISABLE_EXECUTABLE_PAGE_PROTECTION = NO;
				RUNTIME_EXCEPTION_DISABLE_LIBRARY_VALIDATION = NO;
				SKIP_INSTALL = YES;
				SWIFT_APPROACHABLE_CONCURRENCY = YES;
				SWIFT_UPCOMING_FEATURE_MEMBER_IMPORT_VISIBILITY = YES;
				SWIFT_VERSION = 5.0;
			};
			name = Release;
		};
/* End XCBuildConfiguration section */

/* Begin XCConfigurationList section */
		BA68A5162F03461E00112297 /* Build configuration list for PBXProject "Willpower" */ = {
			isa = XCConfigurationList;
			buildConfigurations = (
				BA68A5262F03462000112297 /* Debug */,
				BA68A5272F03462000112297 /* Release */,
			);
			defaultConfigurationIsVisible = 0;
			defaultConfigurationName = Release;
		};
		BA68A5282F03462000112297 /* Build configuration list for PBXNativeTarget "Willpower" */ = {
			isa = XCConfigurationList;
			buildConfigurations = (
				BA68A5292F03462000112297 /* Debug */,
				BA68A52A2F03462000112297 /* Release */,
			);
			defaultConfigurationIsVisible = 0;
			defaultConfigurationName = Release;
		};
		BA68A5332F03466E00112297 /* Build configuration list for PBXNativeTarget "WillpowerDaemon" */ = {
			isa = XCConfigurationList;
			buildConfigurations = (
				BA68A5342F03466E00112297 /* Debug */,
				BA68A5352F03466E00112297 /* Release */,
			);
			defaultConfigurationIsVisible = 0;
			defaultConfigurationName = Release;
		};
/* End XCConfigurationList section */

/* Begin XCRemoteSwiftPackageReference section */
		BA2FBB662F0BE977003F8785 /* XCRemoteSwiftPackageReference "Sparkle" */ = {
			isa = XCRemoteSwiftPackageReference;
			repositoryURL = "https://github.com/sparkle-project/Sparkle";
			requirement = {
				kind = upToNextMajorVersion;
				minimumVersion = 2.8.1;
			};
		};
/* End XCRemoteSwiftPackageReference section */

/* Begin XCSwiftPackageProductDependency section */
		BA2FBB672F0BE977003F8785 /* Sparkle */ = {
			isa = XCSwiftPackageProductDependency;
			package = BA2FBB662F0BE977003F8785 /* XCRemoteSwiftPackageReference "Sparkle" */;
			productName = Sparkle;
		};
		BA54CBBE2F03506200E56C58 /* WillpowerKit */ = {
			isa = XCSwiftPackageProductDependency;
			productName = WillpowerKit;
		};
		BA54CBC02F03507000E56C58 /* WillpowerKit */ = {
			isa = XCSwiftPackageProductDependency;
			productName = WillpowerKit;
		};
/* End XCSwiftPackageProductDependency section */
	};
	rootObject = BA68A5132F03461E00112297 /* Project object */;
}
